
Microsoft Visual Studio Solution File, Format Version 12.00
# Visual Studio Version 17
VisualStudioVersion = 17.7.34031.279
MinimumVisualStudioVersion = 10.0.40219.1
Project("{FAE04EC0-301F-11D3-BF4B-00C04F79EFBC}") = "LineTen", "LineTen\LineTen.csproj", "{EC5D98B4-134C-4BFA-82FB-0D1367E63A9F}"
EndProject
Project("{FAE04EC0-301F-11D3-BF4B-00C04F79EFBC}") = "LineTen.Infrastructure", "LineTen.Infrastructure\LineTen.Infrastructure.csproj", "{6CC0EDDA-012C-4667-9AF7-D79F5513A738}"
EndProject
Project("{FAE04EC0-301F-11D3-BF4B-00C04F79EFBC}") = "LineTen.Test", "LineTen.Test\LineTen.Test.csproj", "{FA2CF852-0350-476C-80E8-7FD414DCFD93}"
EndProject
Global
	GlobalSection(SolutionConfigurationPlatforms) = preSolution
		Debug|Any CPU = Debug|Any CPU
		Release|Any CPU = Release|Any CPU
	EndGlobalSection
	GlobalSection(ProjectConfigurationPlatforms) = postSolution
		{EC5D98B4-134C-4BFA-82FB-0D1367E63A9F}.Debug|Any CPU.ActiveCfg = Debug|Any CPU
		{EC5D98B4-134C-4BFA-82FB-0D1367E63A9F}.Debug|Any CPU.Build.0 = Debug|Any CPU
		{EC5D98B4-134C-4BFA-82FB-0D1367E63A9F}.Release|Any CPU.ActiveCfg = Release|Any CPU
		{EC5D98B4-134C-4BFA-82FB-0D1367E63A9F}.Release|Any CPU.Build.0 = Release|Any CPU
		{6CC0EDDA-012C-4667-9AF7-D79F5513A738}.Debug|Any CPU.ActiveCfg = Debug|Any CPU
		{6CC0EDDA-012C-4667-9AF7-D79F5513A738}.Debug|Any CPU.Build.0 = Debug|Any CPU
		{6CC0EDDA-012C-4667-9AF7-D79F5513A738}.Release|Any CPU.ActiveCfg = Release|Any CPU
		{6CC0EDDA-012C-4667-9AF7-D79F5513A738}.Release|Any CPU.Build.0 = Release|Any CPU
		{FA2CF852-0350-476C-80E8-7FD414DCFD93}.Debug|Any CPU.ActiveCfg = Debug|Any CPU
		{FA2CF852-0350-476C-80E8-7FD414DCFD93}.Debug|Any CPU.Build.0 = Debug|Any CPU
		{FA2CF852-0350-476C-80E8-7FD414DCFD93}.Release|Any CPU.ActiveCfg = Release|Any CPU
		{FA2CF852-0350-476C-80E8-7FD414DCFD93}.Release|Any CPU.Build.0 = Release|Any CPU
	EndGlobalSection
	GlobalSection(SolutionProperties) = preSolution
		HideSolutionNode = FALSE
	EndGlobalSection
	GlobalSection(ExtensibilityGlobals) = postSolution
		SolutionGuid = {90CA5528-D866-4D83-8ACD-85D1338A0FFA}
	EndGlobalSection
EndGlobal
